
Microsoft Visual Studio Solution File, Format Version 12.00
# Visual Studio 2012
Project("{FAE04EC0-301F-11D3-BF4B-00C04F79EFBC}") = "SimpleHttpServer", "SimpleHttpServer\SimpleHttpServer.csproj", "{27D21319-AE87-42D2-A99B-8E4CA5784EC3}"
EndProject
Global
	GlobalSection(SolutionConfigurationPlatforms) = preSolution
		Debug|x86 = Debug|x86
		Release|x86 = Release|x86
	EndGlobalSection
	GlobalSection(ProjectConfigurationPlatforms) = postSolution
		{27D21319-AE87-42D2-A99B-8E4CA5784EC3}.Debug|x86.ActiveCfg = Debug|x86
		{27D21319-AE87-42D2-A99B-8E4CA5784EC3}.Debug|x86.Build.0 = Debug|x86
		{27D21319-AE87-42D2-A99B-8E4CA5784EC3}.Release|x86.ActiveCfg = Release|x86
		{27D21319-AE87-42D2-A99B-8E4CA5784EC3}.Release|x86.Build.0 = Release|x86
	EndGlobalSection
	GlobalSection(MonoDevelopProperties) = preSolution
		StartupItem = SimpleHttpServer\SimpleHttpServer.csproj
	EndGlobalSection
EndGlobal
