
Microsoft Visual Studio Solution File, Format Version 12.00
# Visual Studio Express 2012 for Web
Project("{FAE04EC0-301F-11D3-BF4B-00C04F79EFBC}") = "serverhouse_web", "serverhouse_web\serverhouse_web.csproj", "{343D5DC3-D3D0-4836-87D5-BA0B899EF751}"
EndProject
Global
	GlobalSection(SolutionConfigurationPlatforms) = preSolution
		Debug|Any CPU = Debug|Any CPU
		Release|Any CPU = Release|Any CPU
	EndGlobalSection
	GlobalSection(ProjectConfigurationPlatforms) = postSolution
		{343D5DC3-D3D0-4836-87D5-BA0B899EF751}.Debug|Any CPU.ActiveCfg = Debug|Any CPU
		{343D5DC3-D3D0-4836-87D5-BA0B899EF751}.Debug|Any CPU.Build.0 = Debug|Any CPU
		{343D5DC3-D3D0-4836-87D5-BA0B899EF751}.Release|Any CPU.ActiveCfg = Release|Any CPU
		{343D5DC3-D3D0-4836-87D5-BA0B899EF751}.Release|Any CPU.Build.0 = Release|Any CPU
	EndGlobalSection
	GlobalSection(SolutionProperties) = preSolution
		HideSolutionNode = FALSE
	EndGlobalSection
EndGlobal
